
Microsoft Visual Studio Solution File, Format Version 12.00
# Visual Studio 15
VisualStudioVersion = 15.0.27004.2009
MinimumVisualStudioVersion = 10.0.40219.1
Project("{9A19103F-16F7-4668-BE54-9A1E7A4F7556}") = "RazorPagesContacts", "RazorPagesContacts\RazorPagesContacts.csproj", "{A1B9DDB2-502D-4C5A-97C3-7FB509716893}"
EndProject
Project("{E24C65DC-7377-472B-9ABA-BC803B73C61A}") = "Docs", "Docs\", "{9CB81F3D-0664-4B23-A869-D7C67A882A32}"
	ProjectSection(WebsiteProperties) = preProject
		TargetFrameworkMoniker = ".NETFramework,Version%3Dv4.0"
		Debug.AspNetCompiler.VirtualPath = "/localhost_59917"
		Debug.AspNetCompiler.PhysicalPath = "Docs\"
		Debug.AspNetCompiler.TargetPath = "PrecompiledWeb\localhost_59917\"
		Debug.AspNetCompiler.Updateable = "true"
		Debug.AspNetCompiler.ForceOverwrite = "true"
		Debug.AspNetCompiler.FixedNames = "false"
		Debug.AspNetCompiler.Debug = "True"
		Release.AspNetCompiler.VirtualPath = "/localhost_59917"
		Release.AspNetCompiler.PhysicalPath = "Docs\"
		Release.AspNetCompiler.TargetPath = "PrecompiledWeb\localhost_59917\"
		Release.AspNetCompiler.Updateable = "true"
		Release.AspNetCompiler.ForceOverwrite = "true"
		Release.AspNetCompiler.FixedNames = "false"
		Release.AspNetCompiler.Debug = "False"
		VWDPort = "59917"
		SlnRelativePath = "Docs\"
	EndProjectSection
EndProject
Project("{FAE04EC0-301F-11D3-BF4B-00C04F79EFBC}") = "TodoApi", "TodoApi\TodoApi.csproj", "{8A31AC88-D0EC-4F9D-9382-8E7E0CACD265}"
EndProject
Project("{FAE04EC0-301F-11D3-BF4B-00C04F79EFBC}") = "RazorPagesMovie", "RazorPagesMovie\RazorPagesMovie.csproj", "{C2E6BB85-7B7E-4F51-AD7C-3AA31D144EAC}"
EndProject
Global
	GlobalSection(SolutionConfigurationPlatforms) = preSolution
		Debug|Any CPU = Debug|Any CPU
		Release|Any CPU = Release|Any CPU
	EndGlobalSection
	GlobalSection(ProjectConfigurationPlatforms) = postSolution
		{A1B9DDB2-502D-4C5A-97C3-7FB509716893}.Debug|Any CPU.ActiveCfg = Debug|Any CPU
		{A1B9DDB2-502D-4C5A-97C3-7FB509716893}.Debug|Any CPU.Build.0 = Debug|Any CPU
		{A1B9DDB2-502D-4C5A-97C3-7FB509716893}.Release|Any CPU.ActiveCfg = Release|Any CPU
		{A1B9DDB2-502D-4C5A-97C3-7FB509716893}.Release|Any CPU.Build.0 = Release|Any CPU
		{9CB81F3D-0664-4B23-A869-D7C67A882A32}.Debug|Any CPU.ActiveCfg = Debug|Any CPU
		{9CB81F3D-0664-4B23-A869-D7C67A882A32}.Debug|Any CPU.Build.0 = Debug|Any CPU
		{9CB81F3D-0664-4B23-A869-D7C67A882A32}.Release|Any CPU.ActiveCfg = Debug|Any CPU
		{9CB81F3D-0664-4B23-A869-D7C67A882A32}.Release|Any CPU.Build.0 = Debug|Any CPU
		{8A31AC88-D0EC-4F9D-9382-8E7E0CACD265}.Debug|Any CPU.ActiveCfg = Debug|Any CPU
		{8A31AC88-D0EC-4F9D-9382-8E7E0CACD265}.Debug|Any CPU.Build.0 = Debug|Any CPU
		{8A31AC88-D0EC-4F9D-9382-8E7E0CACD265}.Release|Any CPU.ActiveCfg = Release|Any CPU
		{8A31AC88-D0EC-4F9D-9382-8E7E0CACD265}.Release|Any CPU.Build.0 = Release|Any CPU
		{C2E6BB85-7B7E-4F51-AD7C-3AA31D144EAC}.Debug|Any CPU.ActiveCfg = Debug|Any CPU
		{C2E6BB85-7B7E-4F51-AD7C-3AA31D144EAC}.Debug|Any CPU.Build.0 = Debug|Any CPU
		{C2E6BB85-7B7E-4F51-AD7C-3AA31D144EAC}.Release|Any CPU.ActiveCfg = Release|Any CPU
		{C2E6BB85-7B7E-4F51-AD7C-3AA31D144EAC}.Release|Any CPU.Build.0 = Release|Any CPU
	EndGlobalSection
	GlobalSection(SolutionProperties) = preSolution
		HideSolutionNode = FALSE
	EndGlobalSection
	GlobalSection(ExtensibilityGlobals) = postSolution
		SolutionGuid = {FFC00DF7-A788-4B10-A34E-F62570E2F793}
	EndGlobalSection
EndGlobal
